
Microsoft Visual Studio Solution File, Format Version 12.00
# Visual Studio Version 16
VisualStudioVersion = 16.0.30011.22
MinimumVisualStudioVersion = 10.0.40219.1
Project("{FAE04EC0-301F-11D3-BF4B-00C04F79EFBC}") = "MyNote.API", "MyNote.API\MyNote.API.csproj", "{35C1DD6F-FDA1-449F-8F44-C1F35EF252DB}"
EndProject
Project("{FAE04EC0-301F-11D3-BF4B-00C04F79EFBC}") = "MyNote.UI", "MyNote.UI\MyNote.UI.csproj", "{5C78C620-C9FA-4E46-9E0B-6B8E86713D0E}"
EndProject
Global
	GlobalSection(SolutionConfigurationPlatforms) = preSolution
		Debug|Any CPU = Debug|Any CPU
		Release|Any CPU = Release|Any CPU
	EndGlobalSection
	GlobalSection(ProjectConfigurationPlatforms) = postSolution
		{35C1DD6F-FDA1-449F-8F44-C1F35EF252DB}.Debug|Any CPU.ActiveCfg = Debug|Any CPU
		{35C1DD6F-FDA1-449F-8F44-C1F35EF252DB}.Debug|Any CPU.Build.0 = Debug|Any CPU
		{35C1DD6F-FDA1-449F-8F44-C1F35EF252DB}.Release|Any CPU.ActiveCfg = Release|Any CPU
		{35C1DD6F-FDA1-449F-8F44-C1F35EF252DB}.Release|Any CPU.Build.0 = Release|Any CPU
		{5C78C620-C9FA-4E46-9E0B-6B8E86713D0E}.Debug|Any CPU.ActiveCfg = Debug|Any CPU
		{5C78C620-C9FA-4E46-9E0B-6B8E86713D0E}.Debug|Any CPU.Build.0 = Debug|Any CPU
		{5C78C620-C9FA-4E46-9E0B-6B8E86713D0E}.Release|Any CPU.ActiveCfg = Release|Any CPU
		{5C78C620-C9FA-4E46-9E0B-6B8E86713D0E}.Release|Any CPU.Build.0 = Release|Any CPU
	EndGlobalSection
	GlobalSection(SolutionProperties) = preSolution
		HideSolutionNode = FALSE
	EndGlobalSection
	GlobalSection(ExtensibilityGlobals) = postSolution
		SolutionGuid = {6C451318-33DF-474F-8798-651D04A9A436}
	EndGlobalSection
EndGlobal
